
Microsoft Visual Studio Solution File, Format Version 12.00
# Visual Studio Version 16
VisualStudioVersion = 16.0.30907.101
MinimumVisualStudioVersion = 10.0.40219.1
Project("{FAE04EC0-301F-11D3-BF4B-00C04F79EFBC}") = "VideoUygulamasi3", "HomeWorks\VideoUygulamasi3.csproj", "{967E897A-6185-49E4-99F3-E8762F85EE96}"
EndProject
Project("{FAE04EC0-301F-11D3-BF4B-00C04F79EFBC}") = "HomeWork3", "HomeWork3\HomeWork3.csproj", "{0252DA58-509C-44AA-9F9E-0AD13FEAEC7D}"
EndProject
Global
	GlobalSection(SolutionConfigurationPlatforms) = preSolution
		Debug|Any CPU = Debug|Any CPU
		Release|Any CPU = Release|Any CPU
	EndGlobalSection
	GlobalSection(ProjectConfigurationPlatforms) = postSolution
		{967E897A-6185-49E4-99F3-E8762F85EE96}.Debug|Any CPU.ActiveCfg = Debug|Any CPU
		{967E897A-6185-49E4-99F3-E8762F85EE96}.Debug|Any CPU.Build.0 = Debug|Any CPU
		{967E897A-6185-49E4-99F3-E8762F85EE96}.Release|Any CPU.ActiveCfg = Release|Any CPU
		{967E897A-6185-49E4-99F3-E8762F85EE96}.Release|Any CPU.Build.0 = Release|Any CPU
		{0252DA58-509C-44AA-9F9E-0AD13FEAEC7D}.Debug|Any CPU.ActiveCfg = Debug|Any CPU
		{0252DA58-509C-44AA-9F9E-0AD13FEAEC7D}.Debug|Any CPU.Build.0 = Debug|Any CPU
		{0252DA58-509C-44AA-9F9E-0AD13FEAEC7D}.Release|Any CPU.ActiveCfg = Release|Any CPU
		{0252DA58-509C-44AA-9F9E-0AD13FEAEC7D}.Release|Any CPU.Build.0 = Release|Any CPU
	EndGlobalSection
	GlobalSection(SolutionProperties) = preSolution
		HideSolutionNode = FALSE
	EndGlobalSection
	GlobalSection(ExtensibilityGlobals) = postSolution
		SolutionGuid = {05EB5BD6-4A10-4E90-BC78-4785789F4DFA}
	EndGlobalSection
EndGlobal
